{"version":4,"terraform_version":"1.9.1","serial":55,"lineage":"8f81bf0d-e49c-1389-2d94-469c5e48745b","outputs":{"public_ip_address":{"value":"108.142.242.222","type":"string"}},"resources":[{"mode":"managed","type":"azurerm_network_interface","name":"nic","provider":"provider[\"registry.opentofu.org/hashicorp/azurerm\"]","instances":[{"schema_version":0,"attributes":{"accelerated_networking_enabled":false,"applied_dns_servers":[],"auxiliary_mode":"","auxiliary_sku":"","dns_servers":null,"edge_zone":"","id":"/subscriptions/f44abeef-ada7-4fd1-a6dc-6173b9d786bd/resourceGroups/rg-team18/providers/Microsoft.Network/networkInterfaces/iac-nic","internal_dns_name_label":"","internal_domain_name_suffix":"yix5y2azzlkunnoog5gvklstff.ax.internal.cloudapp.net","ip_configuration":[{"gateway_load_balancer_frontend_ip_configuration_id":"","name":"internal","primary":true,"private_ip_address":"10.0.1.4","private_ip_address_allocation":"Dynamic","private_ip_address_version":"IPv4","public_ip_address_id":"/subscriptions/f44abeef-ada7-4fd1-a6dc-6173b9d786bd/resourceGroups/rg-team18/providers/Microsoft.Network/publicIPAddresses/iac-pip","subnet_id":"/subscriptions/f44abeef-ada7-4fd1-a6dc-6173b9d786bd/resourceGroups/rg-team18/providers/Microsoft.Network/virtualNetworks/iac-vnet/subnets/iac-subnet"}],"ip_forwarding_enabled":false,"location":"westeurope","mac_address":"","name":"iac-nic","private_ip_address":"10.0.1.4","private_ip_addresses":["10.0.1.4"],"resource_group_name":"rg-team18","tags":null,"timeouts":null,"virtual_machine_id":""},"sensitive_attributes":[],"private":"eyJlMmJmYjczMC1lY2FhLTExZTYtOGY4OC0zNDM2M2JjN2M0YzAiOnsiY3JlYXRlIjoxODAwMDAwMDAwMDAwLCJkZWxldGUiOjE4MDAwMDAwMDAwMDAsInJlYWQiOjMwMDAwMDAwMDAwMCwidXBkYXRlIjoxODAwMDAwMDAwMDAwfX0=","dependencies":["azurerm_public_ip.pip","azurerm_resource_group.rg","azurerm_subnet.subnet","azurerm_virtual_network.vnet"]}]},{"mode":"managed","type":"azurerm_network_interface_security_group_association","name":"vm_nic_nsg","provider":"provider[\"registry.opentofu.org/hashicorp/azurerm\"]","instances":[]},{"mode":"managed","type":"azurerm_network_security_group","name":"vm_nsg","provider":"provider[\"registry.opentofu.org/hashicorp/azurerm\"]","instances":[{"schema_version":0,"attributes":{"id":"/subscriptions/f44abeef-ada7-4fd1-a6dc-6173b9d786bd/resourceGroups/rg-team18/providers/Microsoft.Network/networkSecurityGroups/vm-nsg","location":"westeurope","name":"vm-nsg","resource_group_name":"rg-team18","security_rule":[{"access":"Allow","description":"","destination_address_prefix":"*","destination_address_prefixes":[],"destination_application_security_group_ids":[],"destination_port_range":"22","destination_port_ranges":[],"direction":"Inbound","name":"Allow-SSH","priority":1001,"protocol":"Tcp","source_address_prefix":"*","source_address_prefixes":[],"source_application_security_group_ids":[],"source_port_range":"*","source_port_ranges":[]},{"access":"Allow","description":"","destination_address_prefix":"*","destination_address_prefixes":[],"destination_application_security_group_ids":[],"destination_port_range":"80","destination_port_ranges":[],"direction":"Inbound","name":"Allow-HTTP","priority":1002,"protocol":"Tcp","source_address_prefix":"*","source_address_prefixes":[],"source_application_security_group_ids":[],"source_port_range":"*","source_port_ranges":[]}],"tags":null,"timeouts":null},"sensitive_attributes":[],"private":"eyJlMmJmYjczMC1lY2FhLTExZTYtOGY4OC0zNDM2M2JjN2M0YzAiOnsiY3JlYXRlIjoxODAwMDAwMDAwMDAwLCJkZWxldGUiOjE4MDAwMDAwMDAwMDAsInJlYWQiOjMwMDAwMDAwMDAwMCwidXBkYXRlIjoxODAwMDAwMDAwMDAwfX0=","dependencies":["azurerm_resource_group.rg"]}]},{"mode":"managed","type":"azurerm_public_ip","name":"pip","provider":"provider[\"registry.opentofu.org/hashicorp/azurerm\"]","instances":[{"schema_version":0,"attributes":{"allocation_method":"Static","ddos_protection_mode":"VirtualNetworkInherited","ddos_protection_plan_id":null,"domain_name_label":null,"domain_name_label_scope":null,"edge_zone":"","fqdn":null,"id":"/subscriptions/f44abeef-ada7-4fd1-a6dc-6173b9d786bd/resourceGroups/rg-team18/providers/Microsoft.Network/publicIPAddresses/iac-pip","idle_timeout_in_minutes":4,"ip_address":"108.142.242.222","ip_tags":null,"ip_version":"IPv4","location":"westeurope","name":"iac-pip","public_ip_prefix_id":null,"resource_group_name":"rg-team18","reverse_fqdn":null,"sku":"Standard","sku_tier":"Regional","tags":null,"timeouts":null,"zones":null},"sensitive_attributes":[],"private":"eyJlMmJmYjczMC1lY2FhLTExZTYtOGY4OC0zNDM2M2JjN2M0YzAiOnsiY3JlYXRlIjoxODAwMDAwMDAwMDAwLCJkZWxldGUiOjE4MDAwMDAwMDAwMDAsInJlYWQiOjMwMDAwMDAwMDAwMCwidXBkYXRlIjoxODAwMDAwMDAwMDAwfX0=","dependencies":["azurerm_resource_group.rg"]}]},{"mode":"managed","type":"azurerm_resource_group","name":"rg","provider":"provider[\"registry.opentofu.org/hashicorp/azurerm\"]","instances":[{"schema_version":0,"attributes":{"id":"/subscriptions/f44abeef-ada7-4fd1-a6dc-6173b9d786bd/resourceGroups/rg-team18","location":"westeurope","managed_by":"","name":"rg-team18","tags":null,"timeouts":null},"sensitive_attributes":[],"private":"eyJlMmJmYjczMC1lY2FhLTExZTYtOGY4OC0zNDM2M2JjN2M0YzAiOnsiY3JlYXRlIjo1NDAwMDAwMDAwMDAwLCJkZWxldGUiOjU0MDAwMDAwMDAwMDAsInJlYWQiOjMwMDAwMDAwMDAwMCwidXBkYXRlIjo1NDAwMDAwMDAwMDAwfX0="}]},{"mode":"managed","type":"azurerm_subnet","name":"subnet","provider":"provider[\"registry.opentofu.org/hashicorp/azurerm\"]","instances":[{"schema_version":0,"attributes":{"address_prefixes":["10.0.1.0/24"],"default_outbound_access_enabled":true,"delegation":[],"id":"/subscriptions/f44abeef-ada7-4fd1-a6dc-6173b9d786bd/resourceGroups/rg-team18/providers/Microsoft.Network/virtualNetworks/iac-vnet/subnets/iac-subnet","name":"iac-subnet","private_endpoint_network_policies":"Disabled","private_link_service_network_policies_enabled":true,"resource_group_name":"rg-team18","service_endpoint_policy_ids":null,"service_endpoints":null,"timeouts":null,"virtual_network_name":"iac-vnet"},"sensitive_attributes":[],"private":"eyJlMmJmYjczMC1lY2FhLTExZTYtOGY4OC0zNDM2M2JjN2M0YzAiOnsiY3JlYXRlIjoxODAwMDAwMDAwMDAwLCJkZWxldGUiOjE4MDAwMDAwMDAwMDAsInJlYWQiOjMwMDAwMDAwMDAwMCwidXBkYXRlIjoxODAwMDAwMDAwMDAwfX0=","dependencies":["azurerm_resource_group.rg","azurerm_virtual_network.vnet"]}]},{"mode":"managed","type":"azurerm_virtual_network","name":"vnet","provider":"provider[\"registry.opentofu.org/hashicorp/azurerm\"]","instances":[{"schema_version":0,"attributes":{"address_space":["10.0.0.0/16"],"bgp_community":"","ddos_protection_plan":[],"dns_servers":[],"edge_zone":"","encryption":[],"flow_timeout_in_minutes":0,"guid":"70fc2fc2-ca19-46d5-b5ce-37cd552e532d","id":"/subscriptions/f44abeef-ada7-4fd1-a6dc-6173b9d786bd/resourceGroups/rg-team18/providers/Microsoft.Network/virtualNetworks/iac-vnet","location":"westeurope","name":"iac-vnet","private_endpoint_vnet_policies":"Disabled","resource_group_name":"rg-team18","subnet":[],"tags":null,"timeouts":null},"sensitive_attributes":[],"private":"eyJlMmJmYjczMC1lY2FhLTExZTYtOGY4OC0zNDM2M2JjN2M0YzAiOnsiY3JlYXRlIjoxODAwMDAwMDAwMDAwLCJkZWxldGUiOjE4MDAwMDAwMDAwMDAsInJlYWQiOjMwMDAwMDAwMDAwMCwidXBkYXRlIjoxODAwMDAwMDAwMDAwfX0=","dependencies":["azurerm_resource_group.rg"]}]}],"check_results":null}
