{"version":4,"terraform_version":"1.9.1","serial":35,"lineage":"8f81bf0d-e49c-1389-2d94-469c5e48745b","outputs":{"public_ip_address":{"value":"172.211.9.86","type":"string"}},"resources":[{"mode":"managed","type":"azurerm_linux_virtual_machine","name":"vm","provider":"provider[\"registry.opentofu.org/hashicorp/azurerm\"]","instances":[{"schema_version":0,"attributes":{"additional_capabilities":[],"admin_password":null,"admin_ssh_key":[{"public_key":"ssh-ed25519 AAAAC3NzaC1lZDI1NTE5AAAAILXS/w0uRYJnCMZfVHffWSkUkEF13RodbiAacRI47YsT root@anir333-lenovo\n","username":"team18"}],"admin_username":"team18","allow_extension_operations":true,"availability_set_id":"","boot_diagnostics":[],"bypass_platform_safety_checks_on_user_schedule_enabled":false,"capacity_reservation_group_id":"","computer_name":"vm-team18","custom_data":null,"dedicated_host_group_id":"","dedicated_host_id":"","disable_password_authentication":true,"disk_controller_type":"SCSI","edge_zone":"","encryption_at_host_enabled":false,"eviction_policy":"","extensions_time_budget":"PT1H30M","gallery_application":[],"id":"/subscriptions/f44abeef-ada7-4fd1-a6dc-6173b9d786bd/resourceGroups/rg-team18/providers/Microsoft.Compute/virtualMachines/vm-team18","identity":[],"license_type":"","location":"westeurope","max_bid_price":-1,"name":"vm-team18","network_interface_ids":["/subscriptions/f44abeef-ada7-4fd1-a6dc-6173b9d786bd/resourceGroups/rg-team18/providers/Microsoft.Network/networkInterfaces/iac-nic"],"os_disk":[{"caching":"ReadWrite","diff_disk_settings":[],"disk_encryption_set_id":"","disk_size_gb":30,"id":"/subscriptions/f44abeef-ada7-4fd1-a6dc-6173b9d786bd/resourceGroups/rg-team18/providers/Microsoft.Compute/disks/vm-team18_OsDisk_1_34708f6ea1124de19f7cce5b8554497b","name":"vm-team18_OsDisk_1_34708f6ea1124de19f7cce5b8554497b","secure_vm_disk_encryption_set_id":"","security_encryption_type":"","storage_account_type":"Standard_LRS","write_accelerator_enabled":false}],"os_image_notification":[],"patch_assessment_mode":"ImageDefault","patch_mode":"ImageDefault","plan":[],"platform_fault_domain":-1,"priority":"Regular","private_ip_address":"10.0.1.4","private_ip_addresses":["10.0.1.4"],"provision_vm_agent":true,"proximity_placement_group_id":"","public_ip_address":"172.211.9.86","public_ip_addresses":["172.211.9.86"],"reboot_setting":"","resource_group_name":"rg-team18","secret":[],"secure_boot_enabled":false,"size":"Standard_B1s","source_image_id":"","source_image_reference":[{"offer":"almalinux-x86_64","publisher":"almalinux","sku":"9-gen2","version":"latest"}],"tags":{},"termination_notification":[],"timeouts":null,"user_data":"","virtual_machine_id":"1c4030c5-6043-45a1-9a77-9690ae8ffcfb","virtual_machine_scale_set_id":"","vm_agent_platform_updates_enabled":false,"vtpm_enabled":false,"zone":""},"sensitive_attributes":[[{"type":"get_attr","value":"custom_data"}],[{"type":"get_attr","value":"admin_password"}]],"private":"eyJlMmJmYjczMC1lY2FhLTExZTYtOGY4OC0zNDM2M2JjN2M0YzAiOnsiY3JlYXRlIjoyNzAwMDAwMDAwMDAwLCJkZWxldGUiOjI3MDAwMDAwMDAwMDAsInJlYWQiOjMwMDAwMDAwMDAwMCwidXBkYXRlIjoyNzAwMDAwMDAwMDAwfX0=","dependencies":["azurerm_network_interface.nic","azurerm_public_ip.pip","azurerm_resource_group.rg","azurerm_subnet.subnet","azurerm_virtual_network.vnet"]}]},{"mode":"managed","type":"azurerm_network_interface","name":"nic","provider":"provider[\"registry.opentofu.org/hashicorp/azurerm\"]","instances":[{"schema_version":0,"attributes":{"accelerated_networking_enabled":false,"applied_dns_servers":[],"auxiliary_mode":"","auxiliary_sku":"","dns_servers":[],"edge_zone":"","id":"/subscriptions/f44abeef-ada7-4fd1-a6dc-6173b9d786bd/resourceGroups/rg-team18/providers/Microsoft.Network/networkInterfaces/iac-nic","internal_dns_name_label":"","internal_domain_name_suffix":"51pe1lkzv2jutf3gk31cf11v4b.ax.internal.cloudapp.net","ip_configuration":[{"gateway_load_balancer_frontend_ip_configuration_id":"","name":"internal","primary":true,"private_ip_address":"10.0.1.4","private_ip_address_allocation":"Dynamic","private_ip_address_version":"IPv4","public_ip_address_id":"/subscriptions/f44abeef-ada7-4fd1-a6dc-6173b9d786bd/resourceGroups/rg-team18/providers/Microsoft.Network/publicIPAddresses/iac-pip","subnet_id":"/subscriptions/f44abeef-ada7-4fd1-a6dc-6173b9d786bd/resourceGroups/rg-team18/providers/Microsoft.Network/virtualNetworks/iac-vnet/subnets/iac-subnet"}],"ip_forwarding_enabled":false,"location":"westeurope","mac_address":"00-0D-3A-29-A0-6A","name":"iac-nic","private_ip_address":"10.0.1.4","private_ip_addresses":["10.0.1.4"],"resource_group_name":"rg-team18","tags":{},"timeouts":null,"virtual_machine_id":"/subscriptions/f44abeef-ada7-4fd1-a6dc-6173b9d786bd/resourceGroups/rg-team18/providers/Microsoft.Compute/virtualMachines/vm-team18"},"sensitive_attributes":[],"private":"eyJlMmJmYjczMC1lY2FhLTExZTYtOGY4OC0zNDM2M2JjN2M0YzAiOnsiY3JlYXRlIjoxODAwMDAwMDAwMDAwLCJkZWxldGUiOjE4MDAwMDAwMDAwMDAsInJlYWQiOjMwMDAwMDAwMDAwMCwidXBkYXRlIjoxODAwMDAwMDAwMDAwfX0=","dependencies":["azurerm_public_ip.pip","azurerm_resource_group.rg","azurerm_subnet.subnet","azurerm_virtual_network.vnet"]}]},{"mode":"managed","type":"azurerm_network_interface_security_group_association","name":"vm_nic_nsg","provider":"provider[\"registry.opentofu.org/hashicorp/azurerm\"]","instances":[{"schema_version":0,"attributes":{"id":"/subscriptions/f44abeef-ada7-4fd1-a6dc-6173b9d786bd/resourceGroups/rg-team18/providers/Microsoft.Network/networkInterfaces/iac-nic|/subscriptions/f44abeef-ada7-4fd1-a6dc-6173b9d786bd/resourceGroups/rg-team18/providers/Microsoft.Network/networkSecurityGroups/vm-nsg","network_interface_id":"/subscriptions/f44abeef-ada7-4fd1-a6dc-6173b9d786bd/resourceGroups/rg-team18/providers/Microsoft.Network/networkInterfaces/iac-nic","network_security_group_id":"/subscriptions/f44abeef-ada7-4fd1-a6dc-6173b9d786bd/resourceGroups/rg-team18/providers/Microsoft.Network/networkSecurityGroups/vm-nsg","timeouts":null},"sensitive_attributes":[],"private":"eyJlMmJmYjczMC1lY2FhLTExZTYtOGY4OC0zNDM2M2JjN2M0YzAiOnsiY3JlYXRlIjoxODAwMDAwMDAwMDAwLCJkZWxldGUiOjE4MDAwMDAwMDAwMDAsInJlYWQiOjMwMDAwMDAwMDAwMH19","dependencies":["azurerm_network_interface.nic","azurerm_network_security_group.vm_nsg","azurerm_public_ip.pip","azurerm_resource_group.rg","azurerm_subnet.subnet","azurerm_virtual_network.vnet"]}]},{"mode":"managed","type":"azurerm_network_security_group","name":"vm_nsg","provider":"provider[\"registry.opentofu.org/hashicorp/azurerm\"]","instances":[{"schema_version":0,"attributes":{"id":"/subscriptions/f44abeef-ada7-4fd1-a6dc-6173b9d786bd/resourceGroups/rg-team18/providers/Microsoft.Network/networkSecurityGroups/vm-nsg","location":"westeurope","name":"vm-nsg","resource_group_name":"rg-team18","security_rule":[{"access":"Allow","description":"","destination_address_prefix":"*","destination_address_prefixes":[],"destination_application_security_group_ids":[],"destination_port_range":"22","destination_port_ranges":[],"direction":"Inbound","name":"Allow-SSH","priority":1001,"protocol":"Tcp","source_address_prefix":"*","source_address_prefixes":[],"source_application_security_group_ids":[],"source_port_range":"*","source_port_ranges":[]},{"access":"Allow","description":"","destination_address_prefix":"*","destination_address_prefixes":[],"destination_application_security_group_ids":[],"destination_port_range":"80","destination_port_ranges":[],"direction":"Inbound","name":"Allow-HTTP","priority":1002,"protocol":"Tcp","source_address_prefix":"*","source_address_prefixes":[],"source_application_security_group_ids":[],"source_port_range":"*","source_port_ranges":[]}],"tags":{},"timeouts":null},"sensitive_attributes":[],"private":"eyJlMmJmYjczMC1lY2FhLTExZTYtOGY4OC0zNDM2M2JjN2M0YzAiOnsiY3JlYXRlIjoxODAwMDAwMDAwMDAwLCJkZWxldGUiOjE4MDAwMDAwMDAwMDAsInJlYWQiOjMwMDAwMDAwMDAwMCwidXBkYXRlIjoxODAwMDAwMDAwMDAwfX0=","dependencies":["azurerm_resource_group.rg"]}]},{"mode":"managed","type":"azurerm_public_ip","name":"pip","provider":"provider[\"registry.opentofu.org/hashicorp/azurerm\"]","instances":[{"schema_version":0,"attributes":{"allocation_method":"Static","ddos_protection_mode":"VirtualNetworkInherited","ddos_protection_plan_id":null,"domain_name_label":null,"domain_name_label_scope":null,"edge_zone":"","fqdn":null,"id":"/subscriptions/f44abeef-ada7-4fd1-a6dc-6173b9d786bd/resourceGroups/rg-team18/providers/Microsoft.Network/publicIPAddresses/iac-pip","idle_timeout_in_minutes":4,"ip_address":"172.211.9.86","ip_tags":{},"ip_version":"IPv4","location":"westeurope","name":"iac-pip","public_ip_prefix_id":null,"resource_group_name":"rg-team18","reverse_fqdn":null,"sku":"Standard","sku_tier":"Regional","tags":{},"timeouts":null,"zones":[]},"sensitive_attributes":[],"private":"eyJlMmJmYjczMC1lY2FhLTExZTYtOGY4OC0zNDM2M2JjN2M0YzAiOnsiY3JlYXRlIjoxODAwMDAwMDAwMDAwLCJkZWxldGUiOjE4MDAwMDAwMDAwMDAsInJlYWQiOjMwMDAwMDAwMDAwMCwidXBkYXRlIjoxODAwMDAwMDAwMDAwfX0=","dependencies":["azurerm_resource_group.rg"]}]},{"mode":"managed","type":"azurerm_resource_group","name":"rg","provider":"provider[\"registry.opentofu.org/hashicorp/azurerm\"]","instances":[{"schema_version":0,"attributes":{"id":"/subscriptions/f44abeef-ada7-4fd1-a6dc-6173b9d786bd/resourceGroups/rg-team18","location":"westeurope","managed_by":"","name":"rg-team18","tags":{},"timeouts":null},"sensitive_attributes":[],"private":"eyJlMmJmYjczMC1lY2FhLTExZTYtOGY4OC0zNDM2M2JjN2M0YzAiOnsiY3JlYXRlIjo1NDAwMDAwMDAwMDAwLCJkZWxldGUiOjU0MDAwMDAwMDAwMDAsInJlYWQiOjMwMDAwMDAwMDAwMCwidXBkYXRlIjo1NDAwMDAwMDAwMDAwfX0="}]},{"mode":"managed","type":"azurerm_subnet","name":"subnet","provider":"provider[\"registry.opentofu.org/hashicorp/azurerm\"]","instances":[{"schema_version":0,"attributes":{"address_prefixes":["10.0.1.0/24"],"default_outbound_access_enabled":true,"delegation":[],"id":"/subscriptions/f44abeef-ada7-4fd1-a6dc-6173b9d786bd/resourceGroups/rg-team18/providers/Microsoft.Network/virtualNetworks/iac-vnet/subnets/iac-subnet","name":"iac-subnet","private_endpoint_network_policies":"Disabled","private_link_service_network_policies_enabled":true,"resource_group_name":"rg-team18","service_endpoint_policy_ids":[],"service_endpoints":[],"timeouts":null,"virtual_network_name":"iac-vnet"},"sensitive_attributes":[],"private":"eyJlMmJmYjczMC1lY2FhLTExZTYtOGY4OC0zNDM2M2JjN2M0YzAiOnsiY3JlYXRlIjoxODAwMDAwMDAwMDAwLCJkZWxldGUiOjE4MDAwMDAwMDAwMDAsInJlYWQiOjMwMDAwMDAwMDAwMCwidXBkYXRlIjoxODAwMDAwMDAwMDAwfX0=","dependencies":["azurerm_resource_group.rg","azurerm_virtual_network.vnet"]}]},{"mode":"managed","type":"azurerm_virtual_network","name":"vnet","provider":"provider[\"registry.opentofu.org/hashicorp/azurerm\"]","instances":[{"schema_version":0,"attributes":{"address_space":["10.0.0.0/16"],"bgp_community":"","ddos_protection_plan":[],"dns_servers":[],"edge_zone":"","encryption":[],"flow_timeout_in_minutes":0,"guid":"ad4ddefe-af59-4913-97a6-577622ef75f1","id":"/subscriptions/f44abeef-ada7-4fd1-a6dc-6173b9d786bd/resourceGroups/rg-team18/providers/Microsoft.Network/virtualNetworks/iac-vnet","location":"westeurope","name":"iac-vnet","private_endpoint_vnet_policies":"Disabled","resource_group_name":"rg-team18","subnet":[{"address_prefixes":["10.0.1.0/24"],"default_outbound_access_enabled":true,"delegation":[],"id":"/subscriptions/f44abeef-ada7-4fd1-a6dc-6173b9d786bd/resourceGroups/rg-team18/providers/Microsoft.Network/virtualNetworks/iac-vnet/subnets/iac-subnet","name":"iac-subnet","private_endpoint_network_policies":"Disabled","private_link_service_network_policies_enabled":true,"route_table_id":"","security_group":"","service_endpoint_policy_ids":[],"service_endpoints":[]}],"tags":{},"timeouts":null},"sensitive_attributes":[],"private":"eyJlMmJmYjczMC1lY2FhLTExZTYtOGY4OC0zNDM2M2JjN2M0YzAiOnsiY3JlYXRlIjoxODAwMDAwMDAwMDAwLCJkZWxldGUiOjE4MDAwMDAwMDAwMDAsInJlYWQiOjMwMDAwMDAwMDAwMCwidXBkYXRlIjoxODAwMDAwMDAwMDAwfX0=","dependencies":["azurerm_resource_group.rg"]}]}],"check_results":null}
